// !$*UTF8*$!
{
	archiveVersion = 1;
	classes = {
	};
	objectVersion = 51;
	objects = {

/* Begin PBXBuildFile section */
		25089D6F254EA5AF00FAC245 /* LowerLimit.swift in Sources */ = {isa = PBXBuildFile; fileRef = 25089D6E254EA5AF00FAC245 /* LowerLimit.swift */; };
		25089D74254EA91E00FAC245 /* AppDelegate.swift in Sources */ = {isa = PBXBuildFile; fileRef = 25089D73254EA91E00FAC245 /* AppDelegate.swift */; };
		25089D78254EC2B100FAC245 /* BattleEffect.swift in Sources */ = {isa = PBXBuildFile; fileRef = 25089D77254EC2B100FAC245 /* BattleEffect.swift */; };
		25089D7B254EC2F200FAC245 /* PokemonAttackEffect.swift in Sources */ = {isa = PBXBuildFile; fileRef = 25089D7A254EC2F200FAC245 /* PokemonAttackEffect.swift */; };
		25089D87254EDBCC00FAC245 /* BattlePokemonDetailsView.swift in Sources */ = {isa = PBXBuildFile; fileRef = 25089D86254EDBCC00FAC245 /* BattlePokemonDetailsView.swift */; };
		25089D8C254EFD6A00FAC245 /* BattleMenu.swift in Sources */ = {isa = PBXBuildFile; fileRef = 25089D8B254EFD6A00FAC245 /* BattleMenu.swift */; };
		25089D90254F035200FAC245 /* BattleMainMenu.swift in Sources */ = {isa = PBXBuildFile; fileRef = 25089D8F254F035200FAC245 /* BattleMainMenu.swift */; };
		25089D93254F08D000FAC245 /* PokemonAttackMenu.swift in Sources */ = {isa = PBXBuildFile; fileRef = 25089D92254F08D000FAC245 /* PokemonAttackMenu.swift */; };
		25089D96254F0C5F00FAC245 /* BattleViewModel.swift in Sources */ = {isa = PBXBuildFile; fileRef = 25089D95254F0C5F00FAC245 /* BattleViewModel.swift */; };
		25089D99254F32F600FAC245 /* Commentator.swift in Sources */ = {isa = PBXBuildFile; fileRef = 25089D98254F32F600FAC245 /* Commentator.swift */; };
		25089D9E254F347600FAC245 /* Dependency.swift in Sources */ = {isa = PBXBuildFile; fileRef = 25089D9D254F347600FAC245 /* Dependency.swift */; };
		25089DA4254F371300FAC245 /* BattlefieldView.swift in Sources */ = {isa = PBXBuildFile; fileRef = 25089DA3254F371300FAC245 /* BattlefieldView.swift */; };
		25089DA7254F374500FAC245 /* PokemonView.swift in Sources */ = {isa = PBXBuildFile; fileRef = 25089DA6254F374500FAC245 /* PokemonView.swift */; };
		253DB8A8254E9739006A41AF /* PokemonBattleApp.swift in Sources */ = {isa = PBXBuildFile; fileRef = 253DB8A7254E9739006A41AF /* PokemonBattleApp.swift */; };
		253DB8AC254E973C006A41AF /* Assets.xcassets in Resources */ = {isa = PBXBuildFile; fileRef = 253DB8AB254E973C006A41AF /* Assets.xcassets */; };
		253DB8AF254E973C006A41AF /* Preview Assets.xcassets in Resources */ = {isa = PBXBuildFile; fileRef = 253DB8AE254E973C006A41AF /* Preview Assets.xcassets */; };
		253DB8B9254E9767006A41AF /* ElementType.swift in Sources */ = {isa = PBXBuildFile; fileRef = 253DB8B8254E9767006A41AF /* ElementType.swift */; };
		253DB8BD254E9783006A41AF /* Pokemon.swift in Sources */ = {isa = PBXBuildFile; fileRef = 253DB8BC254E9783006A41AF /* Pokemon.swift */; };
		253DB8C0254E97FA006A41AF /* PokemonMove.swift in Sources */ = {isa = PBXBuildFile; fileRef = 253DB8BF254E97FA006A41AF /* PokemonMove.swift */; };
		253DB8C4254E98C1006A41AF /* MaxCount.swift in Sources */ = {isa = PBXBuildFile; fileRef = 253DB8C3254E98C1006A41AF /* MaxCount.swift */; };
		253DB8C8254E9A93006A41AF /* Battle.swift in Sources */ = {isa = PBXBuildFile; fileRef = 253DB8C7254E9A93006A41AF /* Battle.swift */; };
		253DB8CD254E9ACC006A41AF /* PokemonTrainer.swift in Sources */ = {isa = PBXBuildFile; fileRef = 253DB8CC254E9ACC006A41AF /* PokemonTrainer.swift */; };
		253DB8D1254E9BA2006A41AF /* ArrayUtil.swift in Sources */ = {isa = PBXBuildFile; fileRef = 253DB8D0254E9BA2006A41AF /* ArrayUtil.swift */; };
		253DB8D5254E9E6B006A41AF /* Constants.swift in Sources */ = {isa = PBXBuildFile; fileRef = 253DB8D4254E9E6B006A41AF /* Constants.swift */; };
		255BFC4F254EA04C00A5CDB6 /* Pokemon+Battle.swift in Sources */ = {isa = PBXBuildFile; fileRef = 255BFC4E254EA04C00A5CDB6 /* Pokemon+Battle.swift */; };
		25B094102595BDCC00C47477 /* CommentaryView.swift in Sources */ = {isa = PBXBuildFile; fileRef = 25B0940F2595BDCC00C47477 /* CommentaryView.swift */; };
		25B094132595F50100C47477 /* PokemonAnimation.swift in Sources */ = {isa = PBXBuildFile; fileRef = 25B094122595F50100C47477 /* PokemonAnimation.swift */; };
		25D20E8525D6AA2F00B6704D /* PokeUtil.swift in Sources */ = {isa = PBXBuildFile; fileRef = 25D20E8425D6AA2F00B6704D /* PokeUtil.swift */; };
		25DCCDB925D7F41E00412D56 /* BattleOverView.swift in Sources */ = {isa = PBXBuildFile; fileRef = 25DCCDB825D7F41E00412D56 /* BattleOverView.swift */; };
		25DCCDBD25D853F300412D56 /* PokeCenter.swift in Sources */ = {isa = PBXBuildFile; fileRef = 25DCCDBC25D853F300412D56 /* PokeCenter.swift */; };
		25EFA21925D5A171002900A0 /* PokemonSelectionView.swift in Sources */ = {isa = PBXBuildFile; fileRef = 25EFA21825D5A171002900A0 /* PokemonSelectionView.swift */; };
		25EFA21C25D5A24F002900A0 /* PokemonSelectionViewModel.swift in Sources */ = {isa = PBXBuildFile; fileRef = 25EFA21B25D5A24F002900A0 /* PokemonSelectionViewModel.swift */; };
		25EFA22025D5A31F002900A0 /* PokemonSelectionCard.swift in Sources */ = {isa = PBXBuildFile; fileRef = 25EFA21F25D5A31F002900A0 /* PokemonSelectionCard.swift */; };
		F7014A7837FE58C388234FA2 /* Pods_PokemonBattle.framework in Frameworks */ = {isa = PBXBuildFile; fileRef = 6644F8A04B9E00273E08768B /* Pods_PokemonBattle.framework */; };
/* End PBXBuildFile section */

/* Begin PBXFileReference section */
		25089D6E254EA5AF00FAC245 /* LowerLimit.swift */ = {isa = PBXFileReference; lastKnownFileType = sourcecode.swift; path = LowerLimit.swift; sourceTree = "<group>"; };
		25089D73254EA91E00FAC245 /* AppDelegate.swift */ = {isa = PBXFileReference; lastKnownFileType = sourcecode.swift; path = AppDelegate.swift; sourceTree = "<group>"; };
		25089D77254EC2B100FAC245 /* BattleEffect.swift */ = {isa = PBXFileReference; lastKnownFileType = sourcecode.swift; path = BattleEffect.swift; sourceTree = "<group>"; };
		25089D7A254EC2F200FAC245 /* PokemonAttackEffect.swift */ = {isa = PBXFileReference; lastKnownFileType = sourcecode.swift; path = PokemonAttackEffect.swift; sourceTree = "<group>"; };
		25089D86254EDBCC00FAC245 /* BattlePokemonDetailsView.swift */ = {isa = PBXFileReference; lastKnownFileType = sourcecode.swift; path = BattlePokemonDetailsView.swift; sourceTree = "<group>"; };
		25089D8B254EFD6A00FAC245 /* BattleMenu.swift */ = {isa = PBXFileReference; lastKnownFileType = sourcecode.swift; path = BattleMenu.swift; sourceTree = "<group>"; };
		25089D8F254F035200FAC245 /* BattleMainMenu.swift */ = {isa = PBXFileReference; lastKnownFileType = sourcecode.swift; path = BattleMainMenu.swift; sourceTree = "<group>"; };
		25089D92254F08D000FAC245 /* PokemonAttackMenu.swift */ = {isa = PBXFileReference; lastKnownFileType = sourcecode.swift; path = PokemonAttackMenu.swift; sourceTree = "<group>"; };
		25089D95254F0C5F00FAC245 /* BattleViewModel.swift */ = {isa = PBXFileReference; lastKnownFileType = sourcecode.swift; path = BattleViewModel.swift; sourceTree = "<group>"; };
		25089D98254F32F600FAC245 /* Commentator.swift */ = {isa = PBXFileReference; lastKnownFileType = sourcecode.swift; path = Commentator.swift; sourceTree = "<group>"; };
		25089D9D254F347600FAC245 /* Dependency.swift */ = {isa = PBXFileReference; lastKnownFileType = sourcecode.swift; path = Dependency.swift; sourceTree = "<group>"; };
		25089DA3254F371300FAC245 /* BattlefieldView.swift */ = {isa = PBXFileReference; lastKnownFileType = sourcecode.swift; path = BattlefieldView.swift; sourceTree = "<group>"; };
		25089DA6254F374500FAC245 /* PokemonView.swift */ = {isa = PBXFileReference; lastKnownFileType = sourcecode.swift; path = PokemonView.swift; sourceTree = "<group>"; };
		253DB8A4254E9739006A41AF /* PokemonBattle.app */ = {isa = PBXFileReference; explicitFileType = wrapper.application; includeInIndex = 0; path = PokemonBattle.app; sourceTree = BUILT_PRODUCTS_DIR; };
		253DB8A7254E9739006A41AF /* PokemonBattleApp.swift */ = {isa = PBXFileReference; lastKnownFileType = sourcecode.swift; path = PokemonBattleApp.swift; sourceTree = "<group>"; };
		253DB8AB254E973C006A41AF /* Assets.xcassets */ = {isa = PBXFileReference; lastKnownFileType = folder.assetcatalog; path = Assets.xcassets; sourceTree = "<group>"; };
		253DB8AE254E973C006A41AF /* Preview Assets.xcassets */ = {isa = PBXFileReference; lastKnownFileType = folder.assetcatalog; path = "Preview Assets.xcassets"; sourceTree = "<group>"; };
		253DB8B0254E973C006A41AF /* Info.plist */ = {isa = PBXFileReference; lastKnownFileType = text.plist.xml; path = Info.plist; sourceTree = "<group>"; };
		253DB8B8254E9767006A41AF /* ElementType.swift */ = {isa = PBXFileReference; lastKnownFileType = sourcecode.swift; path = ElementType.swift; sourceTree = "<group>"; };
		253DB8BC254E9783006A41AF /* Pokemon.swift */ = {isa = PBXFileReference; lastKnownFileType = sourcecode.swift; path = Pokemon.swift; sourceTree = "<group>"; };
		253DB8BF254E97FA006A41AF /* PokemonMove.swift */ = {isa = PBXFileReference; lastKnownFileType = sourcecode.swift; path = PokemonMove.swift; sourceTree = "<group>"; };
		253DB8C3254E98C1006A41AF /* MaxCount.swift */ = {isa = PBXFileReference; lastKnownFileType = sourcecode.swift; path = MaxCount.swift; sourceTree = "<group>"; };
		253DB8C7254E9A93006A41AF /* Battle.swift */ = {isa = PBXFileReference; lastKnownFileType = sourcecode.swift; path = Battle.swift; sourceTree = "<group>"; };
		253DB8CC254E9ACC006A41AF /* PokemonTrainer.swift */ = {isa = PBXFileReference; lastKnownFileType = sourcecode.swift; path = PokemonTrainer.swift; sourceTree = "<group>"; };
		253DB8D0254E9BA2006A41AF /* ArrayUtil.swift */ = {isa = PBXFileReference; lastKnownFileType = sourcecode.swift; path = ArrayUtil.swift; sourceTree = "<group>"; };
		253DB8D4254E9E6B006A41AF /* Constants.swift */ = {isa = PBXFileReference; lastKnownFileType = sourcecode.swift; path = Constants.swift; sourceTree = "<group>"; };
		255BFC4E254EA04C00A5CDB6 /* Pokemon+Battle.swift */ = {isa = PBXFileReference; lastKnownFileType = sourcecode.swift; path = "Pokemon+Battle.swift"; sourceTree = "<group>"; };
		25B0940F2595BDCC00C47477 /* CommentaryView.swift */ = {isa = PBXFileReference; lastKnownFileType = sourcecode.swift; path = CommentaryView.swift; sourceTree = "<group>"; };
		25B094122595F50100C47477 /* PokemonAnimation.swift */ = {isa = PBXFileReference; lastKnownFileType = sourcecode.swift; path = PokemonAnimation.swift; sourceTree = "<group>"; };
		25D20E8425D6AA2F00B6704D /* PokeUtil.swift */ = {isa = PBXFileReference; lastKnownFileType = sourcecode.swift; path = PokeUtil.swift; sourceTree = "<group>"; };
		25DCCDB825D7F41E00412D56 /* BattleOverView.swift */ = {isa = PBXFileReference; lastKnownFileType = sourcecode.swift; path = BattleOverView.swift; sourceTree = "<group>"; };
		25DCCDBC25D853F300412D56 /* PokeCenter.swift */ = {isa = PBXFileReference; lastKnownFileType = sourcecode.swift; path = PokeCenter.swift; sourceTree = "<group>"; };
		25EFA21825D5A171002900A0 /* PokemonSelectionView.swift */ = {isa = PBXFileReference; lastKnownFileType = sourcecode.swift; path = PokemonSelectionView.swift; sourceTree = "<group>"; };
		25EFA21B25D5A24F002900A0 /* PokemonSelectionViewModel.swift */ = {isa = PBXFileReference; lastKnownFileType = sourcecode.swift; path = PokemonSelectionViewModel.swift; sourceTree = "<group>"; };
		25EFA21F25D5A31F002900A0 /* PokemonSelectionCard.swift */ = {isa = PBXFileReference; lastKnownFileType = sourcecode.swift; path = PokemonSelectionCard.swift; sourceTree = "<group>"; };
		30F409759DCF4F0B0D2385D1 /* Pods-PokemonBattle.release.xcconfig */ = {isa = PBXFileReference; includeInIndex = 1; lastKnownFileType = text.xcconfig; name = "Pods-PokemonBattle.release.xcconfig"; path = "Target Support Files/Pods-PokemonBattle/Pods-PokemonBattle.release.xcconfig"; sourceTree = "<group>"; };
		6644F8A04B9E00273E08768B /* Pods_PokemonBattle.framework */ = {isa = PBXFileReference; explicitFileType = wrapper.framework; includeInIndex = 0; path = Pods_PokemonBattle.framework; sourceTree = BUILT_PRODUCTS_DIR; };
		67EFBB3685CA09EDD44CB534 /* Pods-PokemonBattle.debug.xcconfig */ = {isa = PBXFileReference; includeInIndex = 1; lastKnownFileType = text.xcconfig; name = "Pods-PokemonBattle.debug.xcconfig"; path = "Target Support Files/Pods-PokemonBattle/Pods-PokemonBattle.debug.xcconfig"; sourceTree = "<group>"; };
/* End PBXFileReference section */

/* Begin PBXFrameworksBuildPhase section */
		253DB8A1254E9739006A41AF /* Frameworks */ = {
			isa = PBXFrameworksBuildPhase;
			buildActionMask = 2147483647;
			files = (
				F7014A7837FE58C388234FA2 /* Pods_PokemonBattle.framework in Frameworks */,
			);
			runOnlyForDeploymentPostprocessing = 0;
		};
/* End PBXFrameworksBuildPhase section */

/* Begin PBXGroup section */
		25089D6D254EA58000FAC245 /* Extensions */ = {
			isa = PBXGroup;
			children = (
				253DB8D0254E9BA2006A41AF /* ArrayUtil.swift */,
			);
			path = Extensions;
			sourceTree = "<group>";
		};
		25089D7D254EC31300FAC245 /* PokemonMove */ = {
			isa = PBXGroup;
			children = (
				253DB8BF254E97FA006A41AF /* PokemonMove.swift */,
				25089D7A254EC2F200FAC245 /* PokemonAttackEffect.swift */,
			);
			path = PokemonMove;
			sourceTree = "<group>";
		};
		25089D7F254EC32B00FAC245 /* Pokemon */ = {
			isa = PBXGroup;
			children = (
				253DB8BC254E9783006A41AF /* Pokemon.swift */,
				25089D7D254EC31300FAC245 /* PokemonMove */,
			);
			path = Pokemon;
			sourceTree = "<group>";
		};
		25089D82254EDBA900FAC245 /* Screens */ = {
			isa = PBXGroup;
			children = (
				25089D84254EDBB700FAC245 /* PokemonSelection */,
				25089D83254EDBB100FAC245 /* Battle */,
			);
			path = Screens;
			sourceTree = "<group>";
		};
		25089D83254EDBB100FAC245 /* Battle */ = {
			isa = PBXGroup;
			children = (
				25089D85254EDBC100FAC245 /* Views */,
				25089D95254F0C5F00FAC245 /* BattleViewModel.swift */,
				25089D98254F32F600FAC245 /* Commentator.swift */,
				25B094122595F50100C47477 /* PokemonAnimation.swift */,
			);
			path = Battle;
			sourceTree = "<group>";
		};
		25089D84254EDBB700FAC245 /* PokemonSelection */ = {
			isa = PBXGroup;
			children = (
				25EFA21E25D5A309002900A0 /* Views */,
				25EFA21B25D5A24F002900A0 /* PokemonSelectionViewModel.swift */,
			);
			path = PokemonSelection;
			sourceTree = "<group>";
		};
		25089D85254EDBC100FAC245 /* Views */ = {
			isa = PBXGroup;
			children = (
				25089D86254EDBCC00FAC245 /* BattlePokemonDetailsView.swift */,
				25089D8B254EFD6A00FAC245 /* BattleMenu.swift */,
				25089D8F254F035200FAC245 /* BattleMainMenu.swift */,
				25089D92254F08D000FAC245 /* PokemonAttackMenu.swift */,
				25089DA3254F371300FAC245 /* BattlefieldView.swift */,
				25089DA6254F374500FAC245 /* PokemonView.swift */,
				25B0940F2595BDCC00C47477 /* CommentaryView.swift */,
				25DCCDB825D7F41E00412D56 /* BattleOverView.swift */,
			);
			path = Views;
			sourceTree = "<group>";
		};
		25089D9C254F346D00FAC245 /* DependencyContainer */ = {
			isa = PBXGroup;
			children = (
				25089D9D254F347600FAC245 /* Dependency.swift */,
			);
			path = DependencyContainer;
			sourceTree = "<group>";
		};
		253DB89B254E9739006A41AF = {
			isa = PBXGroup;
			children = (
				253DB8A6254E9739006A41AF /* PokemonBattle */,
				253DB8A5254E9739006A41AF /* Products */,
				E2F8C39867F36BC88EB2FAFB /* Pods */,
				F2029236CF41FEE3882811B5 /* Frameworks */,
			);
			sourceTree = "<group>";
		};
		253DB8A5254E9739006A41AF /* Products */ = {
			isa = PBXGroup;
			children = (
				253DB8A4254E9739006A41AF /* PokemonBattle.app */,
			);
			name = Products;
			sourceTree = "<group>";
		};
		253DB8A6254E9739006A41AF /* PokemonBattle */ = {
			isa = PBXGroup;
			children = (
				253DB8A7254E9739006A41AF /* PokemonBattleApp.swift */,
				25089D73254EA91E00FAC245 /* AppDelegate.swift */,
				253DB8D4254E9E6B006A41AF /* Constants.swift */,
				25DCCDBB25D853DA00412D56 /* Services */,
				25089D9C254F346D00FAC245 /* DependencyContainer */,
				25089D82254EDBA900FAC245 /* Screens */,
				255BFC4D254EA04000A5CDB6 /* Battle */,
				253DB8B7254E9755006A41AF /* Models */,
				253DB8CF254E9B95006A41AF /* Util */,
				253DB8AB254E973C006A41AF /* Assets.xcassets */,
				253DB8B0254E973C006A41AF /* Info.plist */,
				253DB8AD254E973C006A41AF /* Preview Content */,
			);
			path = PokemonBattle;
			sourceTree = "<group>";
		};
		253DB8AD254E973C006A41AF /* Preview Content */ = {
			isa = PBXGroup;
			children = (
				253DB8AE254E973C006A41AF /* Preview Assets.xcassets */,
			);
			path = "Preview Content";
			sourceTree = "<group>";
		};
		253DB8B7254E9755006A41AF /* Models */ = {
			isa = PBXGroup;
			children = (
				253DB8B8254E9767006A41AF /* ElementType.swift */,
				25089D7F254EC32B00FAC245 /* Pokemon */,
				253DB8CC254E9ACC006A41AF /* PokemonTrainer.swift */,
			);
			path = Models;
			sourceTree = "<group>";
		};
		253DB8C2254E98B8006A41AF /* PropertyWrappers */ = {
			isa = PBXGroup;
			children = (
				253DB8C3254E98C1006A41AF /* MaxCount.swift */,
				25089D6E254EA5AF00FAC245 /* LowerLimit.swift */,
			);
			path = PropertyWrappers;
			sourceTree = "<group>";
		};
		253DB8CF254E9B95006A41AF /* Util */ = {
			isa = PBXGroup;
			children = (
				253DB8C2254E98B8006A41AF /* PropertyWrappers */,
				25089D6D254EA58000FAC245 /* Extensions */,
			);
			path = Util;
			sourceTree = "<group>";
		};
		255BFC4D254EA04000A5CDB6 /* Battle */ = {
			isa = PBXGroup;
			children = (
				253DB8C7254E9A93006A41AF /* Battle.swift */,
				255BFC4E254EA04C00A5CDB6 /* Pokemon+Battle.swift */,
				25089D77254EC2B100FAC245 /* BattleEffect.swift */,
			);
			path = Battle;
			sourceTree = "<group>";
		};
		25DCCDBB25D853DA00412D56 /* Services */ = {
			isa = PBXGroup;
			children = (
				25D20E8425D6AA2F00B6704D /* PokeUtil.swift */,
				25DCCDBC25D853F300412D56 /* PokeCenter.swift */,
			);
			path = Services;
			sourceTree = "<group>";
		};
		25EFA21E25D5A309002900A0 /* Views */ = {
			isa = PBXGroup;
			children = (
				25EFA21825D5A171002900A0 /* PokemonSelectionView.swift */,
				25EFA21F25D5A31F002900A0 /* PokemonSelectionCard.swift */,
			);
			path = Views;
			sourceTree = "<group>";
		};
		E2F8C39867F36BC88EB2FAFB /* Pods */ = {
			isa = PBXGroup;
			children = (
				67EFBB3685CA09EDD44CB534 /* Pods-PokemonBattle.debug.xcconfig */,
				30F409759DCF4F0B0D2385D1 /* Pods-PokemonBattle.release.xcconfig */,
			);
			path = Pods;
			sourceTree = "<group>";
		};
		F2029236CF41FEE3882811B5 /* Frameworks */ = {
			isa = PBXGroup;
			children = (
				6644F8A04B9E00273E08768B /* Pods_PokemonBattle.framework */,
			);
			name = Frameworks;
			sourceTree = "<group>";
		};
/* End PBXGroup section */

/* Begin PBXNativeTarget section */
		253DB8A3254E9739006A41AF /* PokemonBattle */ = {
			isa = PBXNativeTarget;
			buildConfigurationList = 253DB8B3254E973C006A41AF /* Build configuration list for PBXNativeTarget "PokemonBattle" */;
			buildPhases = (
				7CA13FC178763DFD29EF0F26 /* [CP] Check Pods Manifest.lock */,
				253DB8A0254E9739006A41AF /* Sources */,
				253DB8A1254E9739006A41AF /* Frameworks */,
				253DB8A2254E9739006A41AF /* Resources */,
				869F473353EBD1839CA8EA02 /* [CP] Embed Pods Frameworks */,
			);
			buildRules = (
			);
			dependencies = (
			);
			name = PokemonBattle;
			productName = PokemonBattle;
			productReference = 253DB8A4254E9739006A41AF /* PokemonBattle.app */;
			productType = "com.apple.product-type.application";
		};
/* End PBXNativeTarget section */

/* Begin PBXProject section */
		253DB89C254E9739006A41AF /* Project object */ = {
			isa = PBXProject;
			attributes = {
				LastSwiftUpdateCheck = 1210;
				LastUpgradeCheck = 1210;
				TargetAttributes = {
					253DB8A3254E9739006A41AF = {
						CreatedOnToolsVersion = 12.1;
					};
				};
			};
			buildConfigurationList = 253DB89F254E9739006A41AF /* Build configuration list for PBXProject "PokemonBattle" */;
			compatibilityVersion = "Xcode 9.3";
			developmentRegion = en;
			hasScannedForEncodings = 0;
			knownRegions = (
				en,
				Base,
			);
			mainGroup = 253DB89B254E9739006A41AF;
			productRefGroup = 253DB8A5254E9739006A41AF /* Products */;
			projectDirPath = "";
			projectRoot = "";
			targets = (
				253DB8A3254E9739006A41AF /* PokemonBattle */,
			);
		};
/* End PBXProject section */

/* Begin PBXResourcesBuildPhase section */
		253DB8A2254E9739006A41AF /* Resources */ = {
			isa = PBXResourcesBuildPhase;
			buildActionMask = 2147483647;
			files = (
				253DB8AF254E973C006A41AF /* Preview Assets.xcassets in Resources */,
				253DB8AC254E973C006A41AF /* Assets.xcassets in Resources */,
			);
			runOnlyForDeploymentPostprocessing = 0;
		};
/* End PBXResourcesBuildPhase section */

/* Begin PBXShellScriptBuildPhase section */
		7CA13FC178763DFD29EF0F26 /* [CP] Check Pods Manifest.lock */ = {
			isa = PBXShellScriptBuildPhase;
			buildActionMask = 2147483647;
			files = (
			);
			inputFileListPaths = (
			);
			inputPaths = (
				"${PODS_PODFILE_DIR_PATH}/Podfile.lock",
				"${PODS_ROOT}/Manifest.lock",
			);
			name = "[CP] Check Pods Manifest.lock";
			outputFileListPaths = (
			);
			outputPaths = (
				"$(DERIVED_FILE_DIR)/Pods-PokemonBattle-checkManifestLockResult.txt",
			);
			runOnlyForDeploymentPostprocessing = 0;
			shellPath = /bin/sh;
			shellScript = "diff \"${PODS_PODFILE_DIR_PATH}/Podfile.lock\" \"${PODS_ROOT}/Manifest.lock\" > /dev/null\nif [ $? != 0 ] ; then\n    # print error to STDERR\n    echo \"error: The sandbox is not in sync with the Podfile.lock. Run 'pod install' or update your CocoaPods installation.\" >&2\n    exit 1\nfi\n# This output is used by Xcode 'outputs' to avoid re-running this script phase.\necho \"SUCCESS\" > \"${SCRIPT_OUTPUT_FILE_0}\"\n";
			showEnvVarsInLog = 0;
		};
		869F473353EBD1839CA8EA02 /* [CP] Embed Pods Frameworks */ = {
			isa = PBXShellScriptBuildPhase;
			buildActionMask = 2147483647;
			files = (
			);
			inputFileListPaths = (
				"${PODS_ROOT}/Target Support Files/Pods-PokemonBattle/Pods-PokemonBattle-frameworks-${CONFIGURATION}-input-files.xcfilelist",
			);
			name = "[CP] Embed Pods Frameworks";
			outputFileListPaths = (
				"${PODS_ROOT}/Target Support Files/Pods-PokemonBattle/Pods-PokemonBattle-frameworks-${CONFIGURATION}-output-files.xcfilelist",
			);
			runOnlyForDeploymentPostprocessing = 0;
			shellPath = /bin/sh;
			shellScript = "\"${PODS_ROOT}/Target Support Files/Pods-PokemonBattle/Pods-PokemonBattle-frameworks.sh\"\n";
			showEnvVarsInLog = 0;
		};
/* End PBXShellScriptBuildPhase section */

/* Begin PBXSourcesBuildPhase section */
		253DB8A0254E9739006A41AF /* Sources */ = {
			isa = PBXSourcesBuildPhase;
			buildActionMask = 2147483647;
			files = (
				25089D78254EC2B100FAC245 /* BattleEffect.swift in Sources */,
				25089D6F254EA5AF00FAC245 /* LowerLimit.swift in Sources */,
				25DCCDBD25D853F300412D56 /* PokeCenter.swift in Sources */,
				253DB8C4254E98C1006A41AF /* MaxCount.swift in Sources */,
				253DB8BD254E9783006A41AF /* Pokemon.swift in Sources */,
				25089D90254F035200FAC245 /* BattleMainMenu.swift in Sources */,
				25089D99254F32F600FAC245 /* Commentator.swift in Sources */,
				253DB8A8254E9739006A41AF /* PokemonBattleApp.swift in Sources */,
				25EFA21925D5A171002900A0 /* PokemonSelectionView.swift in Sources */,
				25DCCDB925D7F41E00412D56 /* BattleOverView.swift in Sources */,
				25089D8C254EFD6A00FAC245 /* BattleMenu.swift in Sources */,
				253DB8D1254E9BA2006A41AF /* ArrayUtil.swift in Sources */,
				25B094102595BDCC00C47477 /* CommentaryView.swift in Sources */,
				253DB8D5254E9E6B006A41AF /* Constants.swift in Sources */,
				25D20E8525D6AA2F00B6704D /* PokeUtil.swift in Sources */,
				253DB8C0254E97FA006A41AF /* PokemonMove.swift in Sources */,
				25089D74254EA91E00FAC245 /* AppDelegate.swift in Sources */,
				25B094132595F50100C47477 /* PokemonAnimation.swift in Sources */,
				25EFA21C25D5A24F002900A0 /* PokemonSelectionViewModel.swift in Sources */,
				25089D9E254F347600FAC245 /* Dependency.swift in Sources */,
				253DB8CD254E9ACC006A41AF /* PokemonTrainer.swift in Sources */,
				25EFA22025D5A31F002900A0 /* PokemonSelectionCard.swift in Sources */,
				255BFC4F254EA04C00A5CDB6 /* Pokemon+Battle.swift in Sources */,
				25089DA4254F371300FAC245 /* BattlefieldView.swift in Sources */,
				253DB8B9254E9767006A41AF /* ElementType.swift in Sources */,
				253DB8C8254E9A93006A41AF /* Battle.swift in Sources */,
				25089D7B254EC2F200FAC245 /* PokemonAttackEffect.swift in Sources */,
				25089D93254F08D000FAC245 /* PokemonAttackMenu.swift in Sources */,
				25089DA7254F374500FAC245 /* PokemonView.swift in Sources */,
				25089D96254F0C5F00FAC245 /* BattleViewModel.swift in Sources */,
				25089D87254EDBCC00FAC245 /* BattlePokemonDetailsView.swift in Sources */,
			);
			runOnlyForDeploymentPostprocessing = 0;
		};
/* End PBXSourcesBuildPhase section */

/* Begin XCBuildConfiguration section */
		253DB8B1254E973C006A41AF /* Debug */ = {
			isa = XCBuildConfiguration;
			buildSettings = {
				ALWAYS_SEARCH_USER_PATHS = NO;
				CLANG_ANALYZER_NONNULL = YES;
				CLANG_ANALYZER_NUMBER_OBJECT_CONVERSION = YES_AGGRESSIVE;
				CLANG_CXX_LANGUAGE_STANDARD = "gnu++14";
				CLANG_CXX_LIBRARY = "libc++";
				CLANG_ENABLE_MODULES = YES;
				CLANG_ENABLE_OBJC_ARC = YES;
				CLANG_ENABLE_OBJC_WEAK = YES;
				CLANG_WARN_BLOCK_CAPTURE_AUTORELEASING = YES;
				CLANG_WARN_BOOL_CONVERSION = YES;
				CLANG_WARN_COMMA = YES;
				CLANG_WARN_CONSTANT_CONVERSION = YES;
				CLANG_WARN_DEPRECATED_OBJC_IMPLEMENTATIONS = YES;
				CLANG_WARN_DIRECT_OBJC_ISA_USAGE = YES_ERROR;
				CLANG_WARN_DOCUMENTATION_COMMENTS = YES;
				CLANG_WARN_EMPTY_BODY = YES;
				CLANG_WARN_ENUM_CONVERSION = YES;
				CLANG_WARN_INFINITE_RECURSION = YES;
				CLANG_WARN_INT_CONVERSION = YES;
				CLANG_WARN_NON_LITERAL_NULL_CONVERSION = YES;
				CLANG_WARN_OBJC_IMPLICIT_RETAIN_SELF = YES;
				CLANG_WARN_OBJC_LITERAL_CONVERSION = YES;
				CLANG_WARN_OBJC_ROOT_CLASS = YES_ERROR;
				CLANG_WARN_QUOTED_INCLUDE_IN_FRAMEWORK_HEADER = YES;
				CLANG_WARN_RANGE_LOOP_ANALYSIS = YES;
				CLANG_WARN_STRICT_PROTOTYPES = YES;
				CLANG_WARN_SUSPICIOUS_MOVE = YES;
				CLANG_WARN_UNGUARDED_AVAILABILITY = YES_AGGRESSIVE;
				CLANG_WARN_UNREACHABLE_CODE = YES;
				CLANG_WARN__DUPLICATE_METHOD_MATCH = YES;
				COPY_PHASE_STRIP = NO;
				DEBUG_INFORMATION_FORMAT = dwarf;
				ENABLE_STRICT_OBJC_MSGSEND = YES;
				ENABLE_TESTABILITY = YES;
				GCC_C_LANGUAGE_STANDARD = gnu11;
				GCC_DYNAMIC_NO_PIC = NO;
				GCC_NO_COMMON_BLOCKS = YES;
				GCC_OPTIMIZATION_LEVEL = 0;
				GCC_PREPROCESSOR_DEFINITIONS = (
					"DEBUG=1",
					"$(inherited)",
				);
				GCC_WARN_64_TO_32_BIT_CONVERSION = YES;
				GCC_WARN_ABOUT_RETURN_TYPE = YES_ERROR;
				GCC_WARN_UNDECLARED_SELECTOR = YES;
				GCC_WARN_UNINITIALIZED_AUTOS = YES_AGGRESSIVE;
				GCC_WARN_UNUSED_FUNCTION = YES;
				GCC_WARN_UNUSED_VARIABLE = YES;
				IPHONEOS_DEPLOYMENT_TARGET = 14.1;
				MTL_ENABLE_DEBUG_INFO = INCLUDE_SOURCE;
				MTL_FAST_MATH = YES;
				ONLY_ACTIVE_ARCH = YES;
				SDKROOT = iphoneos;
				SWIFT_ACTIVE_COMPILATION_CONDITIONS = DEBUG;
				SWIFT_OPTIMIZATION_LEVEL = "-Onone";
			};
			name = Debug;
		};
		253DB8B2254E973C006A41AF /* Release */ = {
			isa = XCBuildConfiguration;
			buildSettings = {
				ALWAYS_SEARCH_USER_PATHS = NO;
				CLANG_ANALYZER_NONNULL = YES;
				CLANG_ANALYZER_NUMBER_OBJECT_CONVERSION = YES_AGGRESSIVE;
				CLANG_CXX_LANGUAGE_STANDARD = "gnu++14";
				CLANG_CXX_LIBRARY = "libc++";
				CLANG_ENABLE_MODULES = YES;
				CLANG_ENABLE_OBJC_ARC = YES;
				CLANG_ENABLE_OBJC_WEAK = YES;
				CLANG_WARN_BLOCK_CAPTURE_AUTORELEASING = YES;
				CLANG_WARN_BOOL_CONVERSION = YES;
				CLANG_WARN_COMMA = YES;
				CLANG_WARN_CONSTANT_CONVERSION = YES;
				CLANG_WARN_DEPRECATED_OBJC_IMPLEMENTATIONS = YES;
				CLANG_WARN_DIRECT_OBJC_ISA_USAGE = YES_ERROR;
				CLANG_WARN_DOCUMENTATION_COMMENTS = YES;
				CLANG_WARN_EMPTY_BODY = YES;
				CLANG_WARN_ENUM_CONVERSION = YES;
				CLANG_WARN_INFINITE_RECURSION = YES;
				CLANG_WARN_INT_CONVERSION = YES;
				CLANG_WARN_NON_LITERAL_NULL_CONVERSION = YES;
				CLANG_WARN_OBJC_IMPLICIT_RETAIN_SELF = YES;
				CLANG_WARN_OBJC_LITERAL_CONVERSION = YES;
				CLANG_WARN_OBJC_ROOT_CLASS = YES_ERROR;
				CLANG_WARN_QUOTED_INCLUDE_IN_FRAMEWORK_HEADER = YES;
				CLANG_WARN_RANGE_LOOP_ANALYSIS = YES;
				CLANG_WARN_STRICT_PROTOTYPES = YES;
				CLANG_WARN_SUSPICIOUS_MOVE = YES;
				CLANG_WARN_UNGUARDED_AVAILABILITY = YES_AGGRESSIVE;
				CLANG_WARN_UNREACHABLE_CODE = YES;
				CLANG_WARN__DUPLICATE_METHOD_MATCH = YES;
				COPY_PHASE_STRIP = NO;
				DEBUG_INFORMATION_FORMAT = "dwarf-with-dsym";
				ENABLE_NS_ASSERTIONS = NO;
				ENABLE_STRICT_OBJC_MSGSEND = YES;
				GCC_C_LANGUAGE_STANDARD = gnu11;
				GCC_NO_COMMON_BLOCKS = YES;
				GCC_WARN_64_TO_32_BIT_CONVERSION = YES;
				GCC_WARN_ABOUT_RETURN_TYPE = YES_ERROR;
				GCC_WARN_UNDECLARED_SELECTOR = YES;
				GCC_WARN_UNINITIALIZED_AUTOS = YES_AGGRESSIVE;
				GCC_WARN_UNUSED_FUNCTION = YES;
				GCC_WARN_UNUSED_VARIABLE = YES;
				IPHONEOS_DEPLOYMENT_TARGET = 14.1;
				MTL_ENABLE_DEBUG_INFO = NO;
				MTL_FAST_MATH = YES;
				SDKROOT = iphoneos;
				SWIFT_COMPILATION_MODE = wholemodule;
				SWIFT_OPTIMIZATION_LEVEL = "-O";
				VALIDATE_PRODUCT = YES;
			};
			name = Release;
		};
		253DB8B4254E973C006A41AF /* Debug */ = {
			isa = XCBuildConfiguration;
			baseConfigurationReference = 67EFBB3685CA09EDD44CB534 /* Pods-PokemonBattle.debug.xcconfig */;
			buildSettings = {
				ASSETCATALOG_COMPILER_APPICON_NAME = AppIcon;
				ASSETCATALOG_COMPILER_GLOBAL_ACCENT_COLOR_NAME = AccentColor;
				CODE_SIGN_STYLE = Automatic;
				DEVELOPMENT_ASSET_PATHS = "\"PokemonBattle/Preview Content\"";
				DEVELOPMENT_TEAM = J9KY5Z2V8M;
				ENABLE_PREVIEWS = YES;
				INFOPLIST_FILE = PokemonBattle/Info.plist;
				IPHONEOS_DEPLOYMENT_TARGET = 14.0;
				LD_RUNPATH_SEARCH_PATHS = (
					"$(inherited)",
					"@executable_path/Frameworks",
				);
				PRODUCT_BUNDLE_IDENTIFIER = com.karthik.PokemonBattle;
				PRODUCT_NAME = "$(TARGET_NAME)";
				SWIFT_VERSION = 5.0;
				TARGETED_DEVICE_FAMILY = "1,2";
			};
			name = Debug;
		};
		253DB8B5254E973C006A41AF /* Release */ = {
			isa = XCBuildConfiguration;
			baseConfigurationReference = 30F409759DCF4F0B0D2385D1 /* Pods-PokemonBattle.release.xcconfig */;
			buildSettings = {
				ASSETCATALOG_COMPILER_APPICON_NAME = AppIcon;
				ASSETCATALOG_COMPILER_GLOBAL_ACCENT_COLOR_NAME = AccentColor;
				CODE_SIGN_STYLE = Automatic;
				DEVELOPMENT_ASSET_PATHS = "\"PokemonBattle/Preview Content\"";
				DEVELOPMENT_TEAM = J9KY5Z2V8M;
				ENABLE_PREVIEWS = YES;
				INFOPLIST_FILE = PokemonBattle/Info.plist;
				IPHONEOS_DEPLOYMENT_TARGET = 14.0;
				LD_RUNPATH_SEARCH_PATHS = (
					"$(inherited)",
					"@executable_path/Frameworks",
				);
				PRODUCT_BUNDLE_IDENTIFIER = com.karthik.PokemonBattle;
				PRODUCT_NAME = "$(TARGET_NAME)";
				SWIFT_VERSION = 5.0;
				TARGETED_DEVICE_FAMILY = "1,2";
			};
			name = Release;
		};
/* End XCBuildConfiguration section */

/* Begin XCConfigurationList section */
		253DB89F254E9739006A41AF /* Build configuration list for PBXProject "PokemonBattle" */ = {
			isa = XCConfigurationList;
			buildConfigurations = (
				253DB8B1254E973C006A41AF /* Debug */,
				253DB8B2254E973C006A41AF /* Release */,
			);
			defaultConfigurationIsVisible = 0;
			defaultConfigurationName = Release;
		};
		253DB8B3254E973C006A41AF /* Build configuration list for PBXNativeTarget "PokemonBattle" */ = {
			isa = XCConfigurationList;
			buildConfigurations = (
				253DB8B4254E973C006A41AF /* Debug */,
				253DB8B5254E973C006A41AF /* Release */,
			);
			defaultConfigurationIsVisible = 0;
			defaultConfigurationName = Release;
		};
/* End XCConfigurationList section */
	};
	rootObject = 253DB89C254E9739006A41AF /* Project object */;
}
